<?xml version="1.0" encoding="utf-8"?>
<Project ToolsVersion="4.0" xmlns="http://schemas.microsoft.com/developer/msbuild/2003">
  <ItemGroup>
    <ClCompile Include="CNetServer_test.cpp">
      <Filter>소스 파일</Filter>
    </ClCompile>
    <ClCompile Include="PacketPool.cpp">
      <Filter>소스 파일</Filter>
    </ClCompile>
    <ClCompile Include="RingBuffer.cpp">
      <Filter>소스 파일</Filter>
    </ClCompile>
    <ClCompile Include="stdafx.cpp">
      <Filter>소스 파일</Filter>
    </ClCompile>
    <ClCompile Include="lib\APIHook.cpp">
      <Filter>소스 파일\lib</Filter>
    </ClCompile>
    <ClCompile Include="lib\Profiler.cpp">
      <Filter>소스 파일\lib</Filter>
    </ClCompile>
    <ClCompile Include="lib\System_Log.cpp">
      <Filter>소스 파일\lib</Filter>
    </ClCompile>
    <ClCompile Include="NetServer.cpp">
      <Filter>소스 파일</Filter>
    </ClCompile>
    <ClCompile Include="ServerConfig.cpp">
      <Filter>소스 파일</Filter>
    </ClCompile>
    <ClCompile Include="lib\Parser.cpp">
      <Filter>소스 파일\lib</Filter>
    </ClCompile>
  </ItemGroup>
  <ItemGroup>
    <ClInclude Include="PacketPool.h">
      <Filter>소스 파일</Filter>
    </ClInclude>
    <ClInclude Include="RingBuffer.h">
      <Filter>소스 파일</Filter>
    </ClInclude>
    <ClInclude Include="lib\Library.h">
      <Filter>소스 파일\lib</Filter>
    </ClInclude>
    <ClInclude Include="lib\Profiler.h">
      <Filter>소스 파일\lib</Filter>
    </ClInclude>
    <ClInclude Include="lib\System_Log.h">
      <Filter>소스 파일\lib</Filter>
    </ClInclude>
    <ClInclude Include="lib\CrashDump.h">
      <Filter>소스 파일\lib</Filter>
    </ClInclude>
    <ClInclude Include="LockFreeQueue.h">
      <Filter>헤더 파일</Filter>
    </ClInclude>
    <ClInclude Include="LockFreeStack.h">
      <Filter>헤더 파일</Filter>
    </ClInclude>
    <ClInclude Include="stdafx.h">
      <Filter>헤더 파일</Filter>
    </ClInclude>
    <ClInclude Include="targetver.h">
      <Filter>헤더 파일</Filter>
    </ClInclude>
    <ClInclude Include="MemoryPool.h">
      <Filter>헤더 파일</Filter>
    </ClInclude>
    <ClInclude Include="NetServer.h">
      <Filter>소스 파일</Filter>
    </ClInclude>
    <ClInclude Include="ServerConfig.h">
      <Filter>소스 파일</Filter>
    </ClInclude>
    <ClInclude Include="lib\Parser.h">
      <Filter>소스 파일\lib</Filter>
    </ClInclude>
  </ItemGroup>
  <ItemGroup>
    <Filter Include="리소스 파일">
      <UniqueIdentifier>{c3f70972-f8af-4c96-a20f-61011339c36c}</UniqueIdentifier>
    </Filter>
    <Filter Include="소스 파일">
      <UniqueIdentifier>{1b98b223-2c12-4fda-bef6-d87da03b6db2}</UniqueIdentifier>
    </Filter>
    <Filter Include="소스 파일\lib">
      <UniqueIdentifier>{5bacc855-7ed6-4dba-8dfb-b0acc0f759d5}</UniqueIdentifier>
    </Filter>
    <Filter Include="헤더 파일">
      <UniqueIdentifier>{fe1033ea-c428-4c31-9124-aa6250fab1d5}</UniqueIdentifier>
    </Filter>
  </ItemGroup>
  <ItemGroup>
    <Text Include="ReadMe.txt">
      <Filter>소스 파일</Filter>
    </Text>
  </ItemGroup>
  <ItemGroup>
    <None Include="_ChatServer.cnf">
      <Filter>소스 파일</Filter>
    </None>
  </ItemGroup>
</Project>